// !$*UTF8*$!
{
	archiveVersion = 1;
	classes = {
	};
	objectVersion = 56;
	objects = {

/* Begin PBXBuildFile section */
		2A5DEC7D2BE7ED5F00F37258 /* nuevoSpanishApp.swift in Sources */ = {isa = PBXBuildFile; fileRef = 2A5DEC7C2BE7ED5F00F37258 /* nuevoSpanishApp.swift */; };
		2A5DEC7F2BE7ED5F00F37258 /* ContentView.swift in Sources */ = {isa = PBXBuildFile; fileRef = 2A5DEC7E2BE7ED5F00F37258 /* ContentView.swift */; };
		2A5DEC812BE7ED6000F37258 /* Assets.xcassets in Resources */ = {isa = PBXBuildFile; fileRef = 2A5DEC802BE7ED6000F37258 /* Assets.xcassets */; };
		2A5DEC852BE7ED6000F37258 /* Preview Assets.xcassets in Resources */ = {isa = PBXBuildFile; fileRef = 2A5DEC842BE7ED6000F37258 /* Preview Assets.xcassets */; };
		2A5DEC8F2BE7ED6000F37258 /* nuevoSpanishTests.swift in Sources */ = {isa = PBXBuildFile; fileRef = 2A5DEC8E2BE7ED6000F37258 /* nuevoSpanishTests.swift */; };
		2A5DEC992BE7ED6000F37258 /* nuevoSpanishUITests.swift in Sources */ = {isa = PBXBuildFile; fileRef = 2A5DEC982BE7ED6000F37258 /* nuevoSpanishUITests.swift */; };
		2A5DEC9B2BE7ED6000F37258 /* nuevoSpanishUITestsLaunchTests.swift in Sources */ = {isa = PBXBuildFile; fileRef = 2A5DEC9A2BE7ED6000F37258 /* nuevoSpanishUITestsLaunchTests.swift */; };
		2A5DECA82BE7F9E200F37258 /* SplashScreenView.swift in Sources */ = {isa = PBXBuildFile; fileRef = 2A5DECA72BE7F9E200F37258 /* SplashScreenView.swift */; };
		2A5DECAA2BE810EB00F37258 /* InitLaunchView.swift in Sources */ = {isa = PBXBuildFile; fileRef = 2A5DECA92BE810EB00F37258 /* InitLaunchView.swift */; };
		2A5DECB22BE8140300F37258 /* PrimaryButton.swift in Sources */ = {isa = PBXBuildFile; fileRef = 2A5DECB12BE8140300F37258 /* PrimaryButton.swift */; };
		2A5DECB62BE8437E00F37258 /* CircleButton.swift in Sources */ = {isa = PBXBuildFile; fileRef = 2A5DECB52BE8437E00F37258 /* CircleButton.swift */; };
		2A5DECB82BE84E9400F37258 /* QuestionView.swift in Sources */ = {isa = PBXBuildFile; fileRef = 2A5DECB72BE84E9400F37258 /* QuestionView.swift */; };
/* End PBXBuildFile section */

/* Begin PBXContainerItemProxy section */
		2A5DEC8B2BE7ED6000F37258 /* PBXContainerItemProxy */ = {
			isa = PBXContainerItemProxy;
			containerPortal = 2A5DEC712BE7ED5F00F37258 /* Project object */;
			proxyType = 1;
			remoteGlobalIDString = 2A5DEC782BE7ED5F00F37258;
			remoteInfo = nuevoSpanish;
		};
		2A5DEC952BE7ED6000F37258 /* PBXContainerItemProxy */ = {
			isa = PBXContainerItemProxy;
			containerPortal = 2A5DEC712BE7ED5F00F37258 /* Project object */;
			proxyType = 1;
			remoteGlobalIDString = 2A5DEC782BE7ED5F00F37258;
			remoteInfo = nuevoSpanish;
		};
/* End PBXContainerItemProxy section */

/* Begin PBXFileReference section */
		2A5DEC792BE7ED5F00F37258 /* nuevoSpanish.app */ = {isa = PBXFileReference; explicitFileType = wrapper.application; includeInIndex = 0; path = nuevoSpanish.app; sourceTree = BUILT_PRODUCTS_DIR; };
		2A5DEC7C2BE7ED5F00F37258 /* nuevoSpanishApp.swift */ = {isa = PBXFileReference; lastKnownFileType = sourcecode.swift; path = nuevoSpanishApp.swift; sourceTree = "<group>"; };
		2A5DEC7E2BE7ED5F00F37258 /* ContentView.swift */ = {isa = PBXFileReference; lastKnownFileType = sourcecode.swift; path = ContentView.swift; sourceTree = "<group>"; };
		2A5DEC802BE7ED6000F37258 /* Assets.xcassets */ = {isa = PBXFileReference; lastKnownFileType = folder.assetcatalog; path = Assets.xcassets; sourceTree = "<group>"; };
		2A5DEC822BE7ED6000F37258 /* nuevoSpanish.entitlements */ = {isa = PBXFileReference; lastKnownFileType = text.plist.entitlements; path = nuevoSpanish.entitlements; sourceTree = "<group>"; };
		2A5DEC842BE7ED6000F37258 /* Preview Assets.xcassets */ = {isa = PBXFileReference; lastKnownFileType = folder.assetcatalog; path = "Preview Assets.xcassets"; sourceTree = "<group>"; };
		2A5DEC8A2BE7ED6000F37258 /* nuevoSpanishTests.xctest */ = {isa = PBXFileReference; explicitFileType = wrapper.cfbundle; includeInIndex = 0; path = nuevoSpanishTests.xctest; sourceTree = BUILT_PRODUCTS_DIR; };
		2A5DEC8E2BE7ED6000F37258 /* nuevoSpanishTests.swift */ = {isa = PBXFileReference; lastKnownFileType = sourcecode.swift; path = nuevoSpanishTests.swift; sourceTree = "<group>"; };
		2A5DEC942BE7ED6000F37258 /* nuevoSpanishUITests.xctest */ = {isa = PBXFileReference; explicitFileType = wrapper.cfbundle; includeInIndex = 0; path = nuevoSpanishUITests.xctest; sourceTree = BUILT_PRODUCTS_DIR; };
		2A5DEC982BE7ED6000F37258 /* nuevoSpanishUITests.swift */ = {isa = PBXFileReference; lastKnownFileType = sourcecode.swift; path = nuevoSpanishUITests.swift; sourceTree = "<group>"; };
		2A5DEC9A2BE7ED6000F37258 /* nuevoSpanishUITestsLaunchTests.swift */ = {isa = PBXFileReference; lastKnownFileType = sourcecode.swift; path = nuevoSpanishUITestsLaunchTests.swift; sourceTree = "<group>"; };
		2A5DECA72BE7F9E200F37258 /* SplashScreenView.swift */ = {isa = PBXFileReference; lastKnownFileType = sourcecode.swift; path = SplashScreenView.swift; sourceTree = "<group>"; };
		2A5DECA92BE810EB00F37258 /* InitLaunchView.swift */ = {isa = PBXFileReference; lastKnownFileType = sourcecode.swift; path = InitLaunchView.swift; sourceTree = "<group>"; };
		2A5DECB12BE8140300F37258 /* PrimaryButton.swift */ = {isa = PBXFileReference; lastKnownFileType = sourcecode.swift; path = PrimaryButton.swift; sourceTree = "<group>"; };
		2A5DECB52BE8437E00F37258 /* CircleButton.swift */ = {isa = PBXFileReference; lastKnownFileType = sourcecode.swift; path = CircleButton.swift; sourceTree = "<group>"; };
		2A5DECB72BE84E9400F37258 /* QuestionView.swift */ = {isa = PBXFileReference; lastKnownFileType = sourcecode.swift; path = QuestionView.swift; sourceTree = "<group>"; };
/* End PBXFileReference section */

/* Begin PBXFrameworksBuildPhase section */
		2A5DEC762BE7ED5F00F37258 /* Frameworks */ = {
			isa = PBXFrameworksBuildPhase;
			buildActionMask = 2147483647;
			files = (
			);
			runOnlyForDeploymentPostprocessing = 0;
		};
		2A5DEC872BE7ED6000F37258 /* Frameworks */ = {
			isa = PBXFrameworksBuildPhase;
			buildActionMask = 2147483647;
			files = (
			);
			runOnlyForDeploymentPostprocessing = 0;
		};
		2A5DEC912BE7ED6000F37258 /* Frameworks */ = {
			isa = PBXFrameworksBuildPhase;
			buildActionMask = 2147483647;
			files = (
			);
			runOnlyForDeploymentPostprocessing = 0;
		};
/* End PBXFrameworksBuildPhase section */

/* Begin PBXGroup section */
		2A5DEC702BE7ED5F00F37258 = {
			isa = PBXGroup;
			children = (
				2A5DEC7B2BE7ED5F00F37258 /* nuevoSpanish */,
				2A5DEC8D2BE7ED6000F37258 /* nuevoSpanishTests */,
				2A5DEC972BE7ED6000F37258 /* nuevoSpanishUITests */,
				2A5DEC7A2BE7ED5F00F37258 /* Products */,
			);
			sourceTree = "<group>";
		};
		2A5DEC7A2BE7ED5F00F37258 /* Products */ = {
			isa = PBXGroup;
			children = (
				2A5DEC792BE7ED5F00F37258 /* nuevoSpanish.app */,
				2A5DEC8A2BE7ED6000F37258 /* nuevoSpanishTests.xctest */,
				2A5DEC942BE7ED6000F37258 /* nuevoSpanishUITests.xctest */,
			);
			name = Products;
			sourceTree = "<group>";
		};
		2A5DEC7B2BE7ED5F00F37258 /* nuevoSpanish */ = {
			isa = PBXGroup;
			children = (
				2A5DECAC2BE8113B00F37258 /* Components */,
				2A5DEC7C2BE7ED5F00F37258 /* nuevoSpanishApp.swift */,
				2A5DECA72BE7F9E200F37258 /* SplashScreenView.swift */,
				2A5DEC7E2BE7ED5F00F37258 /* ContentView.swift */,
				2A5DECB72BE84E9400F37258 /* QuestionView.swift */,
				2A5DECA92BE810EB00F37258 /* InitLaunchView.swift */,
				2A5DEC802BE7ED6000F37258 /* Assets.xcassets */,
				2A5DEC822BE7ED6000F37258 /* nuevoSpanish.entitlements */,
				2A5DEC832BE7ED6000F37258 /* Preview Content */,
			);
			path = nuevoSpanish;
			sourceTree = "<group>";
		};
		2A5DEC832BE7ED6000F37258 /* Preview Content */ = {
			isa = PBXGroup;
			children = (
				2A5DEC842BE7ED6000F37258 /* Preview Assets.xcassets */,
			);
			path = "Preview Content";
			sourceTree = "<group>";
		};
		2A5DEC8D2BE7ED6000F37258 /* nuevoSpanishTests */ = {
			isa = PBXGroup;
			children = (
				2A5DEC8E2BE7ED6000F37258 /* nuevoSpanishTests.swift */,
			);
			path = nuevoSpanishTests;
			sourceTree = "<group>";
		};
		2A5DEC972BE7ED6000F37258 /* nuevoSpanishUITests */ = {
			isa = PBXGroup;
			children = (
				2A5DEC982BE7ED6000F37258 /* nuevoSpanishUITests.swift */,
				2A5DEC9A2BE7ED6000F37258 /* nuevoSpanishUITestsLaunchTests.swift */,
			);
			path = nuevoSpanishUITests;
			sourceTree = "<group>";
		};
		2A5DECAC2BE8113B00F37258 /* Components */ = {
			isa = PBXGroup;
			children = (
				2A5DECB12BE8140300F37258 /* PrimaryButton.swift */,
				2A5DECB52BE8437E00F37258 /* CircleButton.swift */,
			);
			path = Components;
			sourceTree = "<group>";
		};
/* End PBXGroup section */

/* Begin PBXNativeTarget section */
		2A5DEC782BE7ED5F00F37258 /* nuevoSpanish */ = {
			isa = PBXNativeTarget;
			buildConfigurationList = 2A5DEC9E2BE7ED6000F37258 /* Build configuration list for PBXNativeTarget "nuevoSpanish" */;
			buildPhases = (
				2A5DEC752BE7ED5F00F37258 /* Sources */,
				2A5DEC762BE7ED5F00F37258 /* Frameworks */,
				2A5DEC772BE7ED5F00F37258 /* Resources */,
			);
			buildRules = (
			);
			dependencies = (
			);
			name = nuevoSpanish;
			productName = nuevoSpanish;
			productReference = 2A5DEC792BE7ED5F00F37258 /* nuevoSpanish.app */;
			productType = "com.apple.product-type.application";
		};
		2A5DEC892BE7ED6000F37258 /* nuevoSpanishTests */ = {
			isa = PBXNativeTarget;
			buildConfigurationList = 2A5DECA12BE7ED6000F37258 /* Build configuration list for PBXNativeTarget "nuevoSpanishTests" */;
			buildPhases = (
				2A5DEC862BE7ED6000F37258 /* Sources */,
				2A5DEC872BE7ED6000F37258 /* Frameworks */,
				2A5DEC882BE7ED6000F37258 /* Resources */,
			);
			buildRules = (
			);
			dependencies = (
				2A5DEC8C2BE7ED6000F37258 /* PBXTargetDependency */,
			);
			name = nuevoSpanishTests;
			productName = nuevoSpanishTests;
			productReference = 2A5DEC8A2BE7ED6000F37258 /* nuevoSpanishTests.xctest */;
			productType = "com.apple.product-type.bundle.unit-test";
		};
		2A5DEC932BE7ED6000F37258 /* nuevoSpanishUITests */ = {
			isa = PBXNativeTarget;
			buildConfigurationList = 2A5DECA42BE7ED6000F37258 /* Build configuration list for PBXNativeTarget "nuevoSpanishUITests" */;
			buildPhases = (
				2A5DEC902BE7ED6000F37258 /* Sources */,
				2A5DEC912BE7ED6000F37258 /* Frameworks */,
				2A5DEC922BE7ED6000F37258 /* Resources */,
			);
			buildRules = (
			);
			dependencies = (
				2A5DEC962BE7ED6000F37258 /* PBXTargetDependency */,
			);
			name = nuevoSpanishUITests;
			productName = nuevoSpanishUITests;
			productReference = 2A5DEC942BE7ED6000F37258 /* nuevoSpanishUITests.xctest */;
			productType = "com.apple.product-type.bundle.ui-testing";
		};
/* End PBXNativeTarget section */

/* Begin PBXProject section */
		2A5DEC712BE7ED5F00F37258 /* Project object */ = {
			isa = PBXProject;
			attributes = {
				BuildIndependentTargetsInParallel = 1;
				LastSwiftUpdateCheck = 1530;
				LastUpgradeCheck = 1530;
				TargetAttributes = {
					2A5DEC782BE7ED5F00F37258 = {
						CreatedOnToolsVersion = 15.3;
					};
					2A5DEC892BE7ED6000F37258 = {
						CreatedOnToolsVersion = 15.3;
						TestTargetID = 2A5DEC782BE7ED5F00F37258;
					};
					2A5DEC932BE7ED6000F37258 = {
						CreatedOnToolsVersion = 15.3;
						TestTargetID = 2A5DEC782BE7ED5F00F37258;
					};
				};
			};
			buildConfigurationList = 2A5DEC742BE7ED5F00F37258 /* Build configuration list for PBXProject "nuevoSpanish" */;
			compatibilityVersion = "Xcode 14.0";
			developmentRegion = en;
			hasScannedForEncodings = 0;
			knownRegions = (
				en,
				Base,
			);
			mainGroup = 2A5DEC702BE7ED5F00F37258;
			productRefGroup = 2A5DEC7A2BE7ED5F00F37258 /* Products */;
			projectDirPath = "";
			projectRoot = "";
			targets = (
				2A5DEC782BE7ED5F00F37258 /* nuevoSpanish */,
				2A5DEC892BE7ED6000F37258 /* nuevoSpanishTests */,
				2A5DEC932BE7ED6000F37258 /* nuevoSpanishUITests */,
			);
		};
/* End PBXProject section */

/* Begin PBXResourcesBuildPhase section */
		2A5DEC772BE7ED5F00F37258 /* Resources */ = {
			isa = PBXResourcesBuildPhase;
			buildActionMask = 2147483647;
			files = (
				2A5DEC852BE7ED6000F37258 /* Preview Assets.xcassets in Resources */,
				2A5DEC812BE7ED6000F37258 /* Assets.xcassets in Resources */,
			);
			runOnlyForDeploymentPostprocessing = 0;
		};
		2A5DEC882BE7ED6000F37258 /* Resources */ = {
			isa = PBXResourcesBuildPhase;
			buildActionMask = 2147483647;
			files = (
			);
			runOnlyForDeploymentPostprocessing = 0;
		};
		2A5DEC922BE7ED6000F37258 /* Resources */ = {
			isa = PBXResourcesBuildPhase;
			buildActionMask = 2147483647;
			files = (
			);
			runOnlyForDeploymentPostprocessing = 0;
		};
/* End PBXResourcesBuildPhase section */

/* Begin PBXSourcesBuildPhase section */
		2A5DEC752BE7ED5F00F37258 /* Sources */ = {
			isa = PBXSourcesBuildPhase;
			buildActionMask = 2147483647;
			files = (
				2A5DECB62BE8437E00F37258 /* CircleButton.swift in Sources */,
				2A5DECB22BE8140300F37258 /* PrimaryButton.swift in Sources */,
				2A5DEC7F2BE7ED5F00F37258 /* ContentView.swift in Sources */,
				2A5DECB82BE84E9400F37258 /* QuestionView.swift in Sources */,
				2A5DECAA2BE810EB00F37258 /* InitLaunchView.swift in Sources */,
				2A5DEC7D2BE7ED5F00F37258 /* nuevoSpanishApp.swift in Sources */,
				2A5DECA82BE7F9E200F37258 /* SplashScreenView.swift in Sources */,
			);
			runOnlyForDeploymentPostprocessing = 0;
		};
		2A5DEC862BE7ED6000F37258 /* Sources */ = {
			isa = PBXSourcesBuildPhase;
			buildActionMask = 2147483647;
			files = (
				2A5DEC8F2BE7ED6000F37258 /* nuevoSpanishTests.swift in Sources */,
			);
			runOnlyForDeploymentPostprocessing = 0;
		};
		2A5DEC902BE7ED6000F37258 /* Sources */ = {
			isa = PBXSourcesBuildPhase;
			buildActionMask = 2147483647;
			files = (
				2A5DEC992BE7ED6000F37258 /* nuevoSpanishUITests.swift in Sources */,
				2A5DEC9B2BE7ED6000F37258 /* nuevoSpanishUITestsLaunchTests.swift in Sources */,
			);
			runOnlyForDeploymentPostprocessing = 0;
		};
/* End PBXSourcesBuildPhase section */

/* Begin PBXTargetDependency section */
		2A5DEC8C2BE7ED6000F37258 /* PBXTargetDependency */ = {
			isa = PBXTargetDependency;
			target = 2A5DEC782BE7ED5F00F37258 /* nuevoSpanish */;
			targetProxy = 2A5DEC8B2BE7ED6000F37258 /* PBXContainerItemProxy */;
		};
		2A5DEC962BE7ED6000F37258 /* PBXTargetDependency */ = {
			isa = PBXTargetDependency;
			target = 2A5DEC782BE7ED5F00F37258 /* nuevoSpanish */;
			targetProxy = 2A5DEC952BE7ED6000F37258 /* PBXContainerItemProxy */;
		};
/* End PBXTargetDependency section */

/* Begin XCBuildConfiguration section */
		2A5DEC9C2BE7ED6000F37258 /* Debug */ = {
			isa = XCBuildConfiguration;
			buildSettings = {
				ALWAYS_SEARCH_USER_PATHS = NO;
				ASSETCATALOG_COMPILER_GENERATE_SWIFT_ASSET_SYMBOL_EXTENSIONS = YES;
				CLANG_ANALYZER_NONNULL = YES;
				CLANG_ANALYZER_NUMBER_OBJECT_CONVERSION = YES_AGGRESSIVE;
				CLANG_CXX_LANGUAGE_STANDARD = "gnu++20";
				CLANG_ENABLE_MODULES = YES;
				CLANG_ENABLE_OBJC_ARC = YES;
				CLANG_ENABLE_OBJC_WEAK = YES;
				CLANG_WARN_BLOCK_CAPTURE_AUTORELEASING = YES;
				CLANG_WARN_BOOL_CONVERSION = YES;
				CLANG_WARN_COMMA = YES;
				CLANG_WARN_CONSTANT_CONVERSION = YES;
				CLANG_WARN_DEPRECATED_OBJC_IMPLEMENTATIONS = YES;
				CLANG_WARN_DIRECT_OBJC_ISA_USAGE = YES_ERROR;
				CLANG_WARN_DOCUMENTATION_COMMENTS = YES;
				CLANG_WARN_EMPTY_BODY = YES;
				CLANG_WARN_ENUM_CONVERSION = YES;
				CLANG_WARN_INFINITE_RECURSION = YES;
				CLANG_WARN_INT_CONVERSION = YES;
				CLANG_WARN_NON_LITERAL_NULL_CONVERSION = YES;
				CLANG_WARN_OBJC_IMPLICIT_RETAIN_SELF = YES;
				CLANG_WARN_OBJC_LITERAL_CONVERSION = YES;
				CLANG_WARN_OBJC_ROOT_CLASS = YES_ERROR;
				CLANG_WARN_QUOTED_INCLUDE_IN_FRAMEWORK_HEADER = YES;
				CLANG_WARN_RANGE_LOOP_ANALYSIS = YES;
				CLANG_WARN_STRICT_PROTOTYPES = YES;
				CLANG_WARN_SUSPICIOUS_MOVE = YES;
				CLANG_WARN_UNGUARDED_AVAILABILITY = YES_AGGRESSIVE;
				CLANG_WARN_UNREACHABLE_CODE = YES;
				CLANG_WARN__DUPLICATE_METHOD_MATCH = YES;
				COPY_PHASE_STRIP = NO;
				DEBUG_INFORMATION_FORMAT = dwarf;
				ENABLE_STRICT_OBJC_MSGSEND = YES;
				ENABLE_TESTABILITY = YES;
				ENABLE_USER_SCRIPT_SANDBOXING = YES;
				GCC_C_LANGUAGE_STANDARD = gnu17;
				GCC_DYNAMIC_NO_PIC = NO;
				GCC_NO_COMMON_BLOCKS = YES;
				GCC_OPTIMIZATION_LEVEL = 0;
				GCC_PREPROCESSOR_DEFINITIONS = (
					"DEBUG=1",
					"$(inherited)",
				);
				GCC_WARN_64_TO_32_BIT_CONVERSION = YES;
				GCC_WARN_ABOUT_RETURN_TYPE = YES_ERROR;
				GCC_WARN_UNDECLARED_SELECTOR = YES;
				GCC_WARN_UNINITIALIZED_AUTOS = YES_AGGRESSIVE;
				GCC_WARN_UNUSED_FUNCTION = YES;
				GCC_WARN_UNUSED_VARIABLE = YES;
				LOCALIZATION_PREFERS_STRING_CATALOGS = YES;
				MTL_ENABLE_DEBUG_INFO = INCLUDE_SOURCE;
				MTL_FAST_MATH = YES;
				ONLY_ACTIVE_ARCH = YES;
				SWIFT_ACTIVE_COMPILATION_CONDITIONS = "DEBUG $(inherited)";
				SWIFT_OPTIMIZATION_LEVEL = "-Onone";
			};
			name = Debug;
		};
		2A5DEC9D2BE7ED6000F37258 /* Release */ = {
			isa = XCBuildConfiguration;
			buildSettings = {
				ALWAYS_SEARCH_USER_PATHS = NO;
				ASSETCATALOG_COMPILER_GENERATE_SWIFT_ASSET_SYMBOL_EXTENSIONS = YES;
				CLANG_ANALYZER_NONNULL = YES;
				CLANG_ANALYZER_NUMBER_OBJECT_CONVERSION = YES_AGGRESSIVE;
				CLANG_CXX_LANGUAGE_STANDARD = "gnu++20";
				CLANG_ENABLE_MODULES = YES;
				CLANG_ENABLE_OBJC_ARC = YES;
				CLANG_ENABLE_OBJC_WEAK = YES;
				CLANG_WARN_BLOCK_CAPTURE_AUTORELEASING = YES;
				CLANG_WARN_BOOL_CONVERSION = YES;
				CLANG_WARN_COMMA = YES;
				CLANG_WARN_CONSTANT_CONVERSION = YES;
				CLANG_WARN_DEPRECATED_OBJC_IMPLEMENTATIONS = YES;
				CLANG_WARN_DIRECT_OBJC_ISA_USAGE = YES_ERROR;
				CLANG_WARN_DOCUMENTATION_COMMENTS = YES;
				CLANG_WARN_EMPTY_BODY = YES;
				CLANG_WARN_ENUM_CONVERSION = YES;
				CLANG_WARN_INFINITE_RECURSION = YES;
				CLANG_WARN_INT_CONVERSION = YES;
				CLANG_WARN_NON_LITERAL_NULL_CONVERSION = YES;
				CLANG_WARN_OBJC_IMPLICIT_RETAIN_SELF = YES;
				CLANG_WARN_OBJC_LITERAL_CONVERSION = YES;
				CLANG_WARN_OBJC_ROOT_CLASS = YES_ERROR;
				CLANG_WARN_QUOTED_INCLUDE_IN_FRAMEWORK_HEADER = YES;
				CLANG_WARN_RANGE_LOOP_ANALYSIS = YES;
				CLANG_WARN_STRICT_PROTOTYPES = YES;
				CLANG_WARN_SUSPICIOUS_MOVE = YES;
				CLANG_WARN_UNGUARDED_AVAILABILITY = YES_AGGRESSIVE;
				CLANG_WARN_UNREACHABLE_CODE = YES;
				CLANG_WARN__DUPLICATE_METHOD_MATCH = YES;
				COPY_PHASE_STRIP = NO;
				DEBUG_INFORMATION_FORMAT = "dwarf-with-dsym";
				ENABLE_NS_ASSERTIONS = NO;
				ENABLE_STRICT_OBJC_MSGSEND = YES;
				ENABLE_USER_SCRIPT_SANDBOXING = YES;
				GCC_C_LANGUAGE_STANDARD = gnu17;
				GCC_NO_COMMON_BLOCKS = YES;
				GCC_WARN_64_TO_32_BIT_CONVERSION = YES;
				GCC_WARN_ABOUT_RETURN_TYPE = YES_ERROR;
				GCC_WARN_UNDECLARED_SELECTOR = YES;
				GCC_WARN_UNINITIALIZED_AUTOS = YES_AGGRESSIVE;
				GCC_WARN_UNUSED_FUNCTION = YES;
				GCC_WARN_UNUSED_VARIABLE = YES;
				LOCALIZATION_PREFERS_STRING_CATALOGS = YES;
				MTL_ENABLE_DEBUG_INFO = NO;
				MTL_FAST_MATH = YES;
				SWIFT_COMPILATION_MODE = wholemodule;
			};
			name = Release;
		};
		2A5DEC9F2BE7ED6000F37258 /* Debug */ = {
			isa = XCBuildConfiguration;
			buildSettings = {
				ASSETCATALOG_COMPILER_APPICON_NAME = AppIcon;
				ASSETCATALOG_COMPILER_GLOBAL_ACCENT_COLOR_NAME = AccentColor;
				CODE_SIGN_ENTITLEMENTS = nuevoSpanish/nuevoSpanish.entitlements;
				CODE_SIGN_STYLE = Automatic;
				CURRENT_PROJECT_VERSION = 1;
				DEVELOPMENT_ASSET_PATHS = "\"nuevoSpanish/Preview Content\"";
				DEVELOPMENT_TEAM = RNKCB83GYR;
				ENABLE_HARDENED_RUNTIME = YES;
				ENABLE_PREVIEWS = YES;
				GENERATE_INFOPLIST_FILE = YES;
				"INFOPLIST_KEY_UIApplicationSceneManifest_Generation[sdk=iphoneos*]" = YES;
				"INFOPLIST_KEY_UIApplicationSceneManifest_Generation[sdk=iphonesimulator*]" = YES;
				"INFOPLIST_KEY_UIApplicationSupportsIndirectInputEvents[sdk=iphoneos*]" = YES;
				"INFOPLIST_KEY_UIApplicationSupportsIndirectInputEvents[sdk=iphonesimulator*]" = YES;
				"INFOPLIST_KEY_UILaunchScreen_Generation[sdk=iphoneos*]" = YES;
				"INFOPLIST_KEY_UILaunchScreen_Generation[sdk=iphonesimulator*]" = YES;
				"INFOPLIST_KEY_UIStatusBarStyle[sdk=iphoneos*]" = UIStatusBarStyleDefault;
				"INFOPLIST_KEY_UIStatusBarStyle[sdk=iphonesimulator*]" = UIStatusBarStyleDefault;
				INFOPLIST_KEY_UISupportedInterfaceOrientations_iPad = "UIInterfaceOrientationPortrait UIInterfaceOrientationPortraitUpsideDown UIInterfaceOrientationLandscapeLeft UIInterfaceOrientationLandscapeRight";
				INFOPLIST_KEY_UISupportedInterfaceOrientations_iPhone = "UIInterfaceOrientationPortrait UIInterfaceOrientationLandscapeLeft UIInterfaceOrientationLandscapeRight";
				IPHONEOS_DEPLOYMENT_TARGET = 17.4;
				LD_RUNPATH_SEARCH_PATHS = "@executable_path/Frameworks";
				"LD_RUNPATH_SEARCH_PATHS[sdk=macosx*]" = "@executable_path/../Frameworks";
				MACOSX_DEPLOYMENT_TARGET = 14.1;
				MARKETING_VERSION = 1.0;
				PRODUCT_BUNDLE_IDENTIFIER = jademawn.nuevoSpanish;
				PRODUCT_NAME = "$(TARGET_NAME)";
				SDKROOT = auto;
				SUPPORTED_PLATFORMS = "iphoneos iphonesimulator macosx";
				SWIFT_EMIT_LOC_STRINGS = YES;
				SWIFT_VERSION = 5.0;
				TARGETED_DEVICE_FAMILY = "1,2";
			};
			name = Debug;
		};
		2A5DECA02BE7ED6000F37258 /* Release */ = {
			isa = XCBuildConfiguration;
			buildSettings = {
				ASSETCATALOG_COMPILER_APPICON_NAME = AppIcon;
				ASSETCATALOG_COMPILER_GLOBAL_ACCENT_COLOR_NAME = AccentColor;
				CODE_SIGN_ENTITLEMENTS = nuevoSpanish/nuevoSpanish.entitlements;
				CODE_SIGN_STYLE = Automatic;
				CURRENT_PROJECT_VERSION = 1;
				DEVELOPMENT_ASSET_PATHS = "\"nuevoSpanish/Preview Content\"";
				DEVELOPMENT_TEAM = RNKCB83GYR;
				ENABLE_HARDENED_RUNTIME = YES;
				ENABLE_PREVIEWS = YES;
				GENERATE_INFOPLIST_FILE = YES;
				"INFOPLIST_KEY_UIApplicationSceneManifest_Generation[sdk=iphoneos*]" = YES;
				"INFOPLIST_KEY_UIApplicationSceneManifest_Generation[sdk=iphonesimulator*]" = YES;
				"INFOPLIST_KEY_UIApplicationSupportsIndirectInputEvents[sdk=iphoneos*]" = YES;
				"INFOPLIST_KEY_UIApplicationSupportsIndirectInputEvents[sdk=iphonesimulator*]" = YES;
				"INFOPLIST_KEY_UILaunchScreen_Generation[sdk=iphoneos*]" = YES;
				"INFOPLIST_KEY_UILaunchScreen_Generation[sdk=iphonesimulator*]" = YES;
				"INFOPLIST_KEY_UIStatusBarStyle[sdk=iphoneos*]" = UIStatusBarStyleDefault;
				"INFOPLIST_KEY_UIStatusBarStyle[sdk=iphonesimulator*]" = UIStatusBarStyleDefault;
				INFOPLIST_KEY_UISupportedInterfaceOrientations_iPad = "UIInterfaceOrientationPortrait UIInterfaceOrientationPortraitUpsideDown UIInterfaceOrientationLandscapeLeft UIInterfaceOrientationLandscapeRight";
				INFOPLIST_KEY_UISupportedInterfaceOrientations_iPhone = "UIInterfaceOrientationPortrait UIInterfaceOrientationLandscapeLeft UIInterfaceOrientationLandscapeRight";
				IPHONEOS_DEPLOYMENT_TARGET = 17.4;
				LD_RUNPATH_SEARCH_PATHS = "@executable_path/Frameworks";
				"LD_RUNPATH_SEARCH_PATHS[sdk=macosx*]" = "@executable_path/../Frameworks";
				MACOSX_DEPLOYMENT_TARGET = 14.1;
				MARKETING_VERSION = 1.0;
				PRODUCT_BUNDLE_IDENTIFIER = jademawn.nuevoSpanish;
				PRODUCT_NAME = "$(TARGET_NAME)";
				SDKROOT = auto;
				SUPPORTED_PLATFORMS = "iphoneos iphonesimulator macosx";
				SWIFT_EMIT_LOC_STRINGS = YES;
				SWIFT_VERSION = 5.0;
				TARGETED_DEVICE_FAMILY = "1,2";
			};
			name = Release;
		};
		2A5DECA22BE7ED6000F37258 /* Debug */ = {
			isa = XCBuildConfiguration;
			buildSettings = {
				ALWAYS_EMBED_SWIFT_STANDARD_LIBRARIES = YES;
				BUNDLE_LOADER = "$(TEST_HOST)";
				CODE_SIGN_STYLE = Automatic;
				CURRENT_PROJECT_VERSION = 1;
				DEVELOPMENT_TEAM = RNKCB83GYR;
				GENERATE_INFOPLIST_FILE = YES;
				IPHONEOS_DEPLOYMENT_TARGET = 17.4;
				MACOSX_DEPLOYMENT_TARGET = 14.1;
				MARKETING_VERSION = 1.0;
				PRODUCT_BUNDLE_IDENTIFIER = jademawn.nuevoSpanishTests;
				PRODUCT_NAME = "$(TARGET_NAME)";
				SDKROOT = auto;
				SUPPORTED_PLATFORMS = "iphoneos iphonesimulator macosx";
				SWIFT_EMIT_LOC_STRINGS = NO;
				SWIFT_VERSION = 5.0;
				TARGETED_DEVICE_FAMILY = "1,2";
				TEST_HOST = "$(BUILT_PRODUCTS_DIR)/nuevoSpanish.app/$(BUNDLE_EXECUTABLE_FOLDER_PATH)/nuevoSpanish";
			};
			name = Debug;
		};
		2A5DECA32BE7ED6000F37258 /* Release */ = {
			isa = XCBuildConfiguration;
			buildSettings = {
				ALWAYS_EMBED_SWIFT_STANDARD_LIBRARIES = YES;
				BUNDLE_LOADER = "$(TEST_HOST)";
				CODE_SIGN_STYLE = Automatic;
				CURRENT_PROJECT_VERSION = 1;
				DEVELOPMENT_TEAM = RNKCB83GYR;
				GENERATE_INFOPLIST_FILE = YES;
				IPHONEOS_DEPLOYMENT_TARGET = 17.4;
				MACOSX_DEPLOYMENT_TARGET = 14.1;
				MARKETING_VERSION = 1.0;
				PRODUCT_BUNDLE_IDENTIFIER = jademawn.nuevoSpanishTests;
				PRODUCT_NAME = "$(TARGET_NAME)";
				SDKROOT = auto;
				SUPPORTED_PLATFORMS = "iphoneos iphonesimulator macosx";
				SWIFT_EMIT_LOC_STRINGS = NO;
				SWIFT_VERSION = 5.0;
				TARGETED_DEVICE_FAMILY = "1,2";
				TEST_HOST = "$(BUILT_PRODUCTS_DIR)/nuevoSpanish.app/$(BUNDLE_EXECUTABLE_FOLDER_PATH)/nuevoSpanish";
			};
			name = Release;
		};
		2A5DECA52BE7ED6000F37258 /* Debug */ = {
			isa = XCBuildConfiguration;
			buildSettings = {
				ALWAYS_EMBED_SWIFT_STANDARD_LIBRARIES = YES;
				CODE_SIGN_STYLE = Automatic;
				CURRENT_PROJECT_VERSION = 1;
				DEVELOPMENT_TEAM = RNKCB83GYR;
				GENERATE_INFOPLIST_FILE = YES;
				IPHONEOS_DEPLOYMENT_TARGET = 17.4;
				MACOSX_DEPLOYMENT_TARGET = 14.1;
				MARKETING_VERSION = 1.0;
				PRODUCT_BUNDLE_IDENTIFIER = jademawn.nuevoSpanishUITests;
				PRODUCT_NAME = "$(TARGET_NAME)";
				SDKROOT = auto;
				SUPPORTED_PLATFORMS = "iphoneos iphonesimulator macosx";
				SWIFT_EMIT_LOC_STRINGS = NO;
				SWIFT_VERSION = 5.0;
				TARGETED_DEVICE_FAMILY = "1,2";
				TEST_TARGET_NAME = nuevoSpanish;
			};
			name = Debug;
		};
		2A5DECA62BE7ED6000F37258 /* Release */ = {
			isa = XCBuildConfiguration;
			buildSettings = {
				ALWAYS_EMBED_SWIFT_STANDARD_LIBRARIES = YES;
				CODE_SIGN_STYLE = Automatic;
				CURRENT_PROJECT_VERSION = 1;
				DEVELOPMENT_TEAM = RNKCB83GYR;
				GENERATE_INFOPLIST_FILE = YES;
				IPHONEOS_DEPLOYMENT_TARGET = 17.4;
				MACOSX_DEPLOYMENT_TARGET = 14.1;
				MARKETING_VERSION = 1.0;
				PRODUCT_BUNDLE_IDENTIFIER = jademawn.nuevoSpanishUITests;
				PRODUCT_NAME = "$(TARGET_NAME)";
				SDKROOT = auto;
				SUPPORTED_PLATFORMS = "iphoneos iphonesimulator macosx";
				SWIFT_EMIT_LOC_STRINGS = NO;
				SWIFT_VERSION = 5.0;
				TARGETED_DEVICE_FAMILY = "1,2";
				TEST_TARGET_NAME = nuevoSpanish;
			};
			name = Release;
		};
/* End XCBuildConfiguration section */

/* Begin XCConfigurationList section */
		2A5DEC742BE7ED5F00F37258 /* Build configuration list for PBXProject "nuevoSpanish" */ = {
			isa = XCConfigurationList;
			buildConfigurations = (
				2A5DEC9C2BE7ED6000F37258 /* Debug */,
				2A5DEC9D2BE7ED6000F37258 /* Release */,
			);
			defaultConfigurationIsVisible = 0;
			defaultConfigurationName = Release;
		};
		2A5DEC9E2BE7ED6000F37258 /* Build configuration list for PBXNativeTarget "nuevoSpanish" */ = {
			isa = XCConfigurationList;
			buildConfigurations = (
				2A5DEC9F2BE7ED6000F37258 /* Debug */,
				2A5DECA02BE7ED6000F37258 /* Release */,
			);
			defaultConfigurationIsVisible = 0;
			defaultConfigurationName = Release;
		};
		2A5DECA12BE7ED6000F37258 /* Build configuration list for PBXNativeTarget "nuevoSpanishTests" */ = {
			isa = XCConfigurationList;
			buildConfigurations = (
				2A5DECA22BE7ED6000F37258 /* Debug */,
				2A5DECA32BE7ED6000F37258 /* Release */,
			);
			defaultConfigurationIsVisible = 0;
			defaultConfigurationName = Release;
		};
		2A5DECA42BE7ED6000F37258 /* Build configuration list for PBXNativeTarget "nuevoSpanishUITests" */ = {
			isa = XCConfigurationList;
			buildConfigurations = (
				2A5DECA52BE7ED6000F37258 /* Debug */,
				2A5DECA62BE7ED6000F37258 /* Release */,
			);
			defaultConfigurationIsVisible = 0;
			defaultConfigurationName = Release;
		};
/* End XCConfigurationList section */
	};
	rootObject = 2A5DEC712BE7ED5F00F37258 /* Project object */;
}
